// !$*UTF8*$!
{
	archiveVersion = 1;
	classes = {
	};
	objectVersion = 48;
	objects = {

/* Begin PBXBuildFile section */
		3C484A891FB10BA20024F947 /* PetController.swift in Sources */ = {isa = PBXBuildFile; fileRef = 3C484A881FB10BA20024F947 /* PetController.swift */; };
		3C484A8B1FB10BD30024F947 /* NetworkController.swift in Sources */ = {isa = PBXBuildFile; fileRef = 3C484A8A1FB10BD30024F947 /* NetworkController.swift */; };
		3C5FF8F51FB237C90011CEFD /* petDetailView.storyboard in Resources */ = {isa = PBXBuildFile; fileRef = 3C5FF8F41FB237C90011CEFD /* petDetailView.storyboard */; };
		3C5FF8F71FB25D1A0011CEFD /* PetDetailTableViewController.swift in Sources */ = {isa = PBXBuildFile; fileRef = 3C5FF8F61FB25D1A0011CEFD /* PetDetailTableViewController.swift */; };
		3CC915AB1FB0EC55008C5448 /* Keys.swift in Sources */ = {isa = PBXBuildFile; fileRef = 3CC915AA1FB0EC55008C5448 /* Keys.swift */; };
		5F7C77E71FB0C04A00BCDBE5 /* AppDelegate.swift in Sources */ = {isa = PBXBuildFile; fileRef = 5F7C77E61FB0C04A00BCDBE5 /* AppDelegate.swift */; };
		5F7C77EC1FB0C04A00BCDBE5 /* Main.storyboard in Resources */ = {isa = PBXBuildFile; fileRef = 5F7C77EA1FB0C04A00BCDBE5 /* Main.storyboard */; };
		5F7C77EE1FB0C04A00BCDBE5 /* Assets.xcassets in Resources */ = {isa = PBXBuildFile; fileRef = 5F7C77ED1FB0C04A00BCDBE5 /* Assets.xcassets */; };
		5F7C77F11FB0C04A00BCDBE5 /* LaunchScreen.storyboard in Resources */ = {isa = PBXBuildFile; fileRef = 5F7C77EF1FB0C04A00BCDBE5 /* LaunchScreen.storyboard */; };
		5F7C78001FB0D57500BCDBE5 /* Pet.swift in Sources */ = {isa = PBXBuildFile; fileRef = 5F7C77FF1FB0D57500BCDBE5 /* Pet.swift */; };
		5F7C78041FB1002600BCDBE5 /* CloudKit.framework in Frameworks */ = {isa = PBXBuildFile; fileRef = 5F7C78031FB1002600BCDBE5 /* CloudKit.framework */; };
		5F7E2A2F1FB10965004E95DB /* CustomizableSearch.storyboard in Resources */ = {isa = PBXBuildFile; fileRef = 5F7E2A2E1FB10965004E95DB /* CustomizableSearch.storyboard */; };
		5F7E2A311FB11877004E95DB /* CustomizableSearchViewController.swift in Sources */ = {isa = PBXBuildFile; fileRef = 5F7E2A301FB11877004E95DB /* CustomizableSearchViewController.swift */; };
		6A43E61E1FB104EB000EA73A /* CloudKitManager.swift in Sources */ = {isa = PBXBuildFile; fileRef = 6A43E61D1FB104EB000EA73A /* CloudKitManager.swift */; };
		6A43E6201FB109F0000EA73A /* Pet+CloudKit.swift in Sources */ = {isa = PBXBuildFile; fileRef = 6A43E61F1FB109F0000EA73A /* Pet+CloudKit.swift */; };
		6A43E6241FB11C5A000EA73A /* CoreDataStack.swift in Sources */ = {isa = PBXBuildFile; fileRef = 6A43E6231FB11C5A000EA73A /* CoreDataStack.swift */; };
		D30B58A01FB10A0E006C59FE /* Shelter.swift in Sources */ = {isa = PBXBuildFile; fileRef = D30B589F1FB10A0E006C59FE /* Shelter.swift */; };
		D30B58A21FB11957006C59FE /* ShelterController.swift in Sources */ = {isa = PBXBuildFile; fileRef = D30B58A11FB11957006C59FE /* ShelterController.swift */; };
/* End PBXBuildFile section */

/* Begin PBXFileReference section */
		3C484A881FB10BA20024F947 /* PetController.swift */ = {isa = PBXFileReference; lastKnownFileType = sourcecode.swift; name = PetController.swift; path = PetRescuePlanner/PetController.swift; sourceTree = SOURCE_ROOT; };
		3C484A8A1FB10BD30024F947 /* NetworkController.swift */ = {isa = PBXFileReference; lastKnownFileType = sourcecode.swift; name = NetworkController.swift; path = PetRescuePlanner/NetworkController.swift; sourceTree = SOURCE_ROOT; };
		3C5FF8F41FB237C90011CEFD /* petDetailView.storyboard */ = {isa = PBXFileReference; lastKnownFileType = file.storyboard; path = petDetailView.storyboard; sourceTree = "<group>"; };
		3C5FF8F61FB25D1A0011CEFD /* PetDetailTableViewController.swift */ = {isa = PBXFileReference; lastKnownFileType = sourcecode.swift; name = PetDetailTableViewController.swift; path = PetRescuePlanner/Storyboards/PetDetailTableViewController.swift; sourceTree = SOURCE_ROOT; };
		3CC915AA1FB0EC55008C5448 /* Keys.swift */ = {isa = PBXFileReference; lastKnownFileType = sourcecode.swift; name = Keys.swift; path = PetRescuePlanner/Keys.swift; sourceTree = SOURCE_ROOT; };
		5F7C77E31FB0C04A00BCDBE5 /* PetRescuePlanner.app */ = {isa = PBXFileReference; explicitFileType = wrapper.application; includeInIndex = 0; path = PetRescuePlanner.app; sourceTree = BUILT_PRODUCTS_DIR; };
		5F7C77E61FB0C04A00BCDBE5 /* AppDelegate.swift */ = {isa = PBXFileReference; lastKnownFileType = sourcecode.swift; path = AppDelegate.swift; sourceTree = "<group>"; };
		5F7C77EB1FB0C04A00BCDBE5 /* Base */ = {isa = PBXFileReference; lastKnownFileType = file.storyboard; name = Base; path = Base.lproj/Main.storyboard; sourceTree = "<group>"; };
		5F7C77ED1FB0C04A00BCDBE5 /* Assets.xcassets */ = {isa = PBXFileReference; lastKnownFileType = folder.assetcatalog; path = Assets.xcassets; sourceTree = "<group>"; };
		5F7C77F01FB0C04A00BCDBE5 /* Base */ = {isa = PBXFileReference; lastKnownFileType = file.storyboard; name = Base; path = Base.lproj/LaunchScreen.storyboard; sourceTree = "<group>"; };
		5F7C77F21FB0C04A00BCDBE5 /* Info.plist */ = {isa = PBXFileReference; lastKnownFileType = text.plist.xml; path = Info.plist; sourceTree = "<group>"; };
		5F7C77FF1FB0D57500BCDBE5 /* Pet.swift */ = {isa = PBXFileReference; lastKnownFileType = sourcecode.swift; path = Pet.swift; sourceTree = "<group>"; };
		5F7C78011FB1002000BCDBE5 /* PetRescuePlanner.entitlements */ = {isa = PBXFileReference; lastKnownFileType = text.plist.entitlements; path = PetRescuePlanner.entitlements; sourceTree = "<group>"; };
		5F7C78031FB1002600BCDBE5 /* CloudKit.framework */ = {isa = PBXFileReference; lastKnownFileType = wrapper.framework; name = CloudKit.framework; path = System/Library/Frameworks/CloudKit.framework; sourceTree = SDKROOT; };
		5F7E2A2E1FB10965004E95DB /* CustomizableSearch.storyboard */ = {isa = PBXFileReference; lastKnownFileType = file.storyboard; path = CustomizableSearch.storyboard; sourceTree = "<group>"; };
		5F7E2A301FB11877004E95DB /* CustomizableSearchViewController.swift */ = {isa = PBXFileReference; lastKnownFileType = sourcecode.swift; path = CustomizableSearchViewController.swift; sourceTree = "<group>"; };
		6A43E61D1FB104EB000EA73A /* CloudKitManager.swift */ = {isa = PBXFileReference; lastKnownFileType = sourcecode.swift; path = CloudKitManager.swift; sourceTree = "<group>"; };
		6A43E61F1FB109F0000EA73A /* Pet+CloudKit.swift */ = {isa = PBXFileReference; lastKnownFileType = sourcecode.swift; path = "Pet+CloudKit.swift"; sourceTree = "<group>"; };
		6A43E6231FB11C5A000EA73A /* CoreDataStack.swift */ = {isa = PBXFileReference; lastKnownFileType = sourcecode.swift; path = CoreDataStack.swift; sourceTree = "<group>"; };
		D30B589F1FB10A0E006C59FE /* Shelter.swift */ = {isa = PBXFileReference; lastKnownFileType = sourcecode.swift; path = Shelter.swift; sourceTree = "<group>"; };
		D30B58A11FB11957006C59FE /* ShelterController.swift */ = {isa = PBXFileReference; lastKnownFileType = sourcecode.swift; name = ShelterController.swift; path = PetRescuePlanner/Models/ShelterController.swift; sourceTree = SOURCE_ROOT; };
/* End PBXFileReference section */

/* Begin PBXFrameworksBuildPhase section */
		5F7C77E01FB0C04A00BCDBE5 /* Frameworks */ = {
			isa = PBXFrameworksBuildPhase;
			buildActionMask = 2147483647;
			files = (
				5F7C78041FB1002600BCDBE5 /* CloudKit.framework in Frameworks */,
			);
			runOnlyForDeploymentPostprocessing = 0;
		};
/* End PBXFrameworksBuildPhase section */

/* Begin PBXGroup section */
		3CC915A91FB0EC34008C5448 /* Helpers */ = {
			isa = PBXGroup;
			children = (
				3CC915AA1FB0EC55008C5448 /* Keys.swift */,
				3C484A8A1FB10BD30024F947 /* NetworkController.swift */,
			);
			path = Helpers;
			sourceTree = "<group>";
		};
		5F7C77DA1FB0C04A00BCDBE5 = {
			isa = PBXGroup;
			children = (
				5F7C77E51FB0C04A00BCDBE5 /* PetRescuePlanner */,
				5F7C77E41FB0C04A00BCDBE5 /* Products */,
				5F7C78021FB1002600BCDBE5 /* Frameworks */,
			);
			sourceTree = "<group>";
		};
		5F7C77E41FB0C04A00BCDBE5 /* Products */ = {
			isa = PBXGroup;
			children = (
				5F7C77E31FB0C04A00BCDBE5 /* PetRescuePlanner.app */,
			);
			name = Products;
			sourceTree = "<group>";
		};
		5F7C77E51FB0C04A00BCDBE5 /* PetRescuePlanner */ = {
			isa = PBXGroup;
			children = (
				5F7C78011FB1002000BCDBE5 /* PetRescuePlanner.entitlements */,
				6A43E61C1FB104DB000EA73A /* CloudKit */,
				5F7C77FB1FB0C12300BCDBE5 /* ViewControllers */,
				5F7C77FA1FB0C11900BCDBE5 /* Views */,
				5F7C77F91FB0C11100BCDBE5 /* ModelControllers */,
				5F7C77F81FB0C10800BCDBE5 /* Models */,
				3CC915A91FB0EC34008C5448 /* Helpers */,
				5F7C77FC1FB0C12D00BCDBE5 /* Storyboards */,
				5F7C77FD1FB0C14400BCDBE5 /* Sources */,
				5F7C77ED1FB0C04A00BCDBE5 /* Assets.xcassets */,
				5F7C77F21FB0C04A00BCDBE5 /* Info.plist */,
			);
			path = PetRescuePlanner;
			sourceTree = "<group>";
		};
		5F7C77F81FB0C10800BCDBE5 /* Models */ = {
			isa = PBXGroup;
			children = (
				5F7C77FF1FB0D57500BCDBE5 /* Pet.swift */,
				6A43E6231FB11C5A000EA73A /* CoreDataStack.swift */,
				D30B589F1FB10A0E006C59FE /* Shelter.swift */,
			);
			path = Models;
			sourceTree = "<group>";
		};
		5F7C77F91FB0C11100BCDBE5 /* ModelControllers */ = {
			isa = PBXGroup;
			children = (
				3C484A881FB10BA20024F947 /* PetController.swift */,
				D30B58A11FB11957006C59FE /* ShelterController.swift */,
			);
			path = ModelControllers;
			sourceTree = "<group>";
		};
		5F7C77FA1FB0C11900BCDBE5 /* Views */ = {
			isa = PBXGroup;
			children = (
				3C5FF8F61FB25D1A0011CEFD /* PetDetailTableViewController.swift */,
			);
			path = Views;
			sourceTree = "<group>";
		};
		5F7C77FB1FB0C12300BCDBE5 /* ViewControllers */ = {
			isa = PBXGroup;
			children = (
				5F7E2A301FB11877004E95DB /* CustomizableSearchViewController.swift */,
			);
			path = ViewControllers;
			sourceTree = "<group>";
		};
		5F7C77FC1FB0C12D00BCDBE5 /* Storyboards */ = {
			isa = PBXGroup;
			children = (
				5F7C77EA1FB0C04A00BCDBE5 /* Main.storyboard */,
				5F7C77EF1FB0C04A00BCDBE5 /* LaunchScreen.storyboard */,
				5F7E2A2E1FB10965004E95DB /* CustomizableSearch.storyboard */,
				3C5FF8F41FB237C90011CEFD /* petDetailView.storyboard */,
			);
			path = Storyboards;
			sourceTree = "<group>";
		};
		5F7C77FD1FB0C14400BCDBE5 /* Sources */ = {
			isa = PBXGroup;
			children = (
				5F7C77E61FB0C04A00BCDBE5 /* AppDelegate.swift */,
			);
			path = Sources;
			sourceTree = "<group>";
		};
		5F7C78021FB1002600BCDBE5 /* Frameworks */ = {
			isa = PBXGroup;
			children = (
				5F7C78031FB1002600BCDBE5 /* CloudKit.framework */,
			);
			name = Frameworks;
			sourceTree = "<group>";
		};
		6A43E61C1FB104DB000EA73A /* CloudKit */ = {
			isa = PBXGroup;
			children = (
				6A43E61D1FB104EB000EA73A /* CloudKitManager.swift */,
				6A43E61F1FB109F0000EA73A /* Pet+CloudKit.swift */,
			);
			path = CloudKit;
			sourceTree = "<group>";
		};
/* End PBXGroup section */

/* Begin PBXNativeTarget section */
		5F7C77E21FB0C04A00BCDBE5 /* PetRescuePlanner */ = {
			isa = PBXNativeTarget;
			buildConfigurationList = 5F7C77F51FB0C04A00BCDBE5 /* Build configuration list for PBXNativeTarget "PetRescuePlanner" */;
			buildPhases = (
				5F7C77DF1FB0C04A00BCDBE5 /* Sources */,
				5F7C77E01FB0C04A00BCDBE5 /* Frameworks */,
				5F7C77E11FB0C04A00BCDBE5 /* Resources */,
			);
			buildRules = (
			);
			dependencies = (
			);
			name = PetRescuePlanner;
			productName = PetRescuePlanner;
			productReference = 5F7C77E31FB0C04A00BCDBE5 /* PetRescuePlanner.app */;
			productType = "com.apple.product-type.application";
		};
/* End PBXNativeTarget section */

/* Begin PBXProject section */
		5F7C77DB1FB0C04A00BCDBE5 /* Project object */ = {
			isa = PBXProject;
			attributes = {
				LastSwiftUpdateCheck = 0900;
				LastUpgradeCheck = 0900;
				ORGANIZATIONNAME = "Daniel Rodosky";
				TargetAttributes = {
					5F7C77E21FB0C04A00BCDBE5 = {
						CreatedOnToolsVersion = 9.0.1;
						ProvisioningStyle = Automatic;
						SystemCapabilities = {
							com.apple.Push = {
								enabled = 1;
							};
							com.apple.iCloud = {
								enabled = 1;
							};
						};
					};
				};
			};
			buildConfigurationList = 5F7C77DE1FB0C04A00BCDBE5 /* Build configuration list for PBXProject "PetRescuePlanner" */;
			compatibilityVersion = "Xcode 8.0";
			developmentRegion = en;
			hasScannedForEncodings = 0;
			knownRegions = (
				en,
				Base,
			);
			mainGroup = 5F7C77DA1FB0C04A00BCDBE5;
			productRefGroup = 5F7C77E41FB0C04A00BCDBE5 /* Products */;
			projectDirPath = "";
			projectRoot = "";
			targets = (
				5F7C77E21FB0C04A00BCDBE5 /* PetRescuePlanner */,
			);
		};
/* End PBXProject section */

/* Begin PBXResourcesBuildPhase section */
		5F7C77E11FB0C04A00BCDBE5 /* Resources */ = {
			isa = PBXResourcesBuildPhase;
			buildActionMask = 2147483647;
			files = (
				5F7E2A2F1FB10965004E95DB /* CustomizableSearch.storyboard in Resources */,
				3C5FF8F51FB237C90011CEFD /* petDetailView.storyboard in Resources */,
				5F7C77F11FB0C04A00BCDBE5 /* LaunchScreen.storyboard in Resources */,
				5F7C77EE1FB0C04A00BCDBE5 /* Assets.xcassets in Resources */,
				5F7C77EC1FB0C04A00BCDBE5 /* Main.storyboard in Resources */,
			);
			runOnlyForDeploymentPostprocessing = 0;
		};
/* End PBXResourcesBuildPhase section */

/* Begin PBXSourcesBuildPhase section */
		5F7C77DF1FB0C04A00BCDBE5 /* Sources */ = {
			isa = PBXSourcesBuildPhase;
			buildActionMask = 2147483647;
			files = (
				3C5FF8F71FB25D1A0011CEFD /* PetDetailTableViewController.swift in Sources */,
				3C484A8B1FB10BD30024F947 /* NetworkController.swift in Sources */,
				5F7E2A311FB11877004E95DB /* CustomizableSearchViewController.swift in Sources */,
				5F7C77E71FB0C04A00BCDBE5 /* AppDelegate.swift in Sources */,
				3CC915AB1FB0EC55008C5448 /* Keys.swift in Sources */,
				6A43E6201FB109F0000EA73A /* Pet+CloudKit.swift in Sources */,
				6A43E6241FB11C5A000EA73A /* CoreDataStack.swift in Sources */,
				6A43E61E1FB104EB000EA73A /* CloudKitManager.swift in Sources */,
				D30B58A21FB11957006C59FE /* ShelterController.swift in Sources */,
				5F7C78001FB0D57500BCDBE5 /* Pet.swift in Sources */,
				3C484A891FB10BA20024F947 /* PetController.swift in Sources */,
				D30B58A01FB10A0E006C59FE /* Shelter.swift in Sources */,
			);
			runOnlyForDeploymentPostprocessing = 0;
		};
/* End PBXSourcesBuildPhase section */

/* Begin PBXVariantGroup section */
		5F7C77EA1FB0C04A00BCDBE5 /* Main.storyboard */ = {
			isa = PBXVariantGroup;
			children = (
				5F7C77EB1FB0C04A00BCDBE5 /* Base */,
			);
			name = Main.storyboard;
			sourceTree = "<group>";
		};
		5F7C77EF1FB0C04A00BCDBE5 /* LaunchScreen.storyboard */ = {
			isa = PBXVariantGroup;
			children = (
				5F7C77F01FB0C04A00BCDBE5 /* Base */,
			);
			name = LaunchScreen.storyboard;
			sourceTree = "<group>";
		};
/* End PBXVariantGroup section */

/* Begin XCBuildConfiguration section */
		5F7C77F31FB0C04A00BCDBE5 /* Debug */ = {
			isa = XCBuildConfiguration;
			buildSettings = {
				ALWAYS_SEARCH_USER_PATHS = NO;
				CLANG_ANALYZER_NONNULL = YES;
				CLANG_ANALYZER_NUMBER_OBJECT_CONVERSION = YES_AGGRESSIVE;
				CLANG_CXX_LANGUAGE_STANDARD = "gnu++14";
				CLANG_CXX_LIBRARY = "libc++";
				CLANG_ENABLE_MODULES = YES;
				CLANG_ENABLE_OBJC_ARC = YES;
				CLANG_WARN_BLOCK_CAPTURE_AUTORELEASING = YES;
				CLANG_WARN_BOOL_CONVERSION = YES;
				CLANG_WARN_COMMA = YES;
				CLANG_WARN_CONSTANT_CONVERSION = YES;
				CLANG_WARN_DIRECT_OBJC_ISA_USAGE = YES_ERROR;
				CLANG_WARN_DOCUMENTATION_COMMENTS = YES;
				CLANG_WARN_EMPTY_BODY = YES;
				CLANG_WARN_ENUM_CONVERSION = YES;
				CLANG_WARN_INFINITE_RECURSION = YES;
				CLANG_WARN_INT_CONVERSION = YES;
				CLANG_WARN_NON_LITERAL_NULL_CONVERSION = YES;
				CLANG_WARN_OBJC_LITERAL_CONVERSION = YES;
				CLANG_WARN_OBJC_ROOT_CLASS = YES_ERROR;
				CLANG_WARN_RANGE_LOOP_ANALYSIS = YES;
				CLANG_WARN_STRICT_PROTOTYPES = YES;
				CLANG_WARN_SUSPICIOUS_MOVE = YES;
				CLANG_WARN_UNGUARDED_AVAILABILITY = YES_AGGRESSIVE;
				CLANG_WARN_UNREACHABLE_CODE = YES;
				CLANG_WARN__DUPLICATE_METHOD_MATCH = YES;
				CODE_SIGN_IDENTITY = "iPhone Developer";
				COPY_PHASE_STRIP = NO;
				DEBUG_INFORMATION_FORMAT = dwarf;
				ENABLE_STRICT_OBJC_MSGSEND = YES;
				ENABLE_TESTABILITY = YES;
				GCC_C_LANGUAGE_STANDARD = gnu11;
				GCC_DYNAMIC_NO_PIC = NO;
				GCC_NO_COMMON_BLOCKS = YES;
				GCC_OPTIMIZATION_LEVEL = 0;
				GCC_PREPROCESSOR_DEFINITIONS = (
					"DEBUG=1",
					"$(inherited)",
				);
				GCC_WARN_64_TO_32_BIT_CONVERSION = YES;
				GCC_WARN_ABOUT_RETURN_TYPE = YES_ERROR;
				GCC_WARN_UNDECLARED_SELECTOR = YES;
				GCC_WARN_UNINITIALIZED_AUTOS = YES_AGGRESSIVE;
				GCC_WARN_UNUSED_FUNCTION = YES;
				GCC_WARN_UNUSED_VARIABLE = YES;
				IPHONEOS_DEPLOYMENT_TARGET = 11.0;
				MTL_ENABLE_DEBUG_INFO = YES;
				ONLY_ACTIVE_ARCH = YES;
				SDKROOT = iphoneos;
				SWIFT_ACTIVE_COMPILATION_CONDITIONS = DEBUG;
				SWIFT_OPTIMIZATION_LEVEL = "-Onone";
			};
			name = Debug;
		};
		5F7C77F41FB0C04A00BCDBE5 /* Release */ = {
			isa = XCBuildConfiguration;
			buildSettings = {
				ALWAYS_SEARCH_USER_PATHS = NO;
				CLANG_ANALYZER_NONNULL = YES;
				CLANG_ANALYZER_NUMBER_OBJECT_CONVERSION = YES_AGGRESSIVE;
				CLANG_CXX_LANGUAGE_STANDARD = "gnu++14";
				CLANG_CXX_LIBRARY = "libc++";
				CLANG_ENABLE_MODULES = YES;
				CLANG_ENABLE_OBJC_ARC = YES;
				CLANG_WARN_BLOCK_CAPTURE_AUTORELEASING = YES;
				CLANG_WARN_BOOL_CONVERSION = YES;
				CLANG_WARN_COMMA = YES;
				CLANG_WARN_CONSTANT_CONVERSION = YES;
				CLANG_WARN_DIRECT_OBJC_ISA_USAGE = YES_ERROR;
				CLANG_WARN_DOCUMENTATION_COMMENTS = YES;
				CLANG_WARN_EMPTY_BODY = YES;
				CLANG_WARN_ENUM_CONVERSION = YES;
				CLANG_WARN_INFINITE_RECURSION = YES;
				CLANG_WARN_INT_CONVERSION = YES;
				CLANG_WARN_NON_LITERAL_NULL_CONVERSION = YES;
				CLANG_WARN_OBJC_LITERAL_CONVERSION = YES;
				CLANG_WARN_OBJC_ROOT_CLASS = YES_ERROR;
				CLANG_WARN_RANGE_LOOP_ANALYSIS = YES;
				CLANG_WARN_STRICT_PROTOTYPES = YES;
				CLANG_WARN_SUSPICIOUS_MOVE = YES;
				CLANG_WARN_UNGUARDED_AVAILABILITY = YES_AGGRESSIVE;
				CLANG_WARN_UNREACHABLE_CODE = YES;
				CLANG_WARN__DUPLICATE_METHOD_MATCH = YES;
				CODE_SIGN_IDENTITY = "iPhone Developer";
				COPY_PHASE_STRIP = NO;
				DEBUG_INFORMATION_FORMAT = "dwarf-with-dsym";
				ENABLE_NS_ASSERTIONS = NO;
				ENABLE_STRICT_OBJC_MSGSEND = YES;
				GCC_C_LANGUAGE_STANDARD = gnu11;
				GCC_NO_COMMON_BLOCKS = YES;
				GCC_WARN_64_TO_32_BIT_CONVERSION = YES;
				GCC_WARN_ABOUT_RETURN_TYPE = YES_ERROR;
				GCC_WARN_UNDECLARED_SELECTOR = YES;
				GCC_WARN_UNINITIALIZED_AUTOS = YES_AGGRESSIVE;
				GCC_WARN_UNUSED_FUNCTION = YES;
				GCC_WARN_UNUSED_VARIABLE = YES;
				IPHONEOS_DEPLOYMENT_TARGET = 11.0;
				MTL_ENABLE_DEBUG_INFO = NO;
				SDKROOT = iphoneos;
				SWIFT_OPTIMIZATION_LEVEL = "-Owholemodule";
				VALIDATE_PRODUCT = YES;
			};
			name = Release;
		};
		5F7C77F61FB0C04A00BCDBE5 /* Debug */ = {
			isa = XCBuildConfiguration;
			buildSettings = {
				ASSETCATALOG_COMPILER_APPICON_NAME = AppIcon;
				CODE_SIGN_ENTITLEMENTS = PetRescuePlanner/PetRescuePlanner.entitlements;
				CODE_SIGN_STYLE = Automatic;
				DEVELOPMENT_TEAM = S5AA4WL9KW;
				INFOPLIST_FILE = PetRescuePlanner/Info.plist;
				LD_RUNPATH_SEARCH_PATHS = "$(inherited) @executable_path/Frameworks";
				PRODUCT_BUNDLE_IDENTIFIER = com.danielrodosky.PetRescuePlanner;
				PRODUCT_NAME = "$(TARGET_NAME)";
				SWIFT_VERSION = 4.0;
				TARGETED_DEVICE_FAMILY = "1,2";
			};
			name = Debug;
		};
		5F7C77F71FB0C04A00BCDBE5 /* Release */ = {
			isa = XCBuildConfiguration;
			buildSettings = {
				ASSETCATALOG_COMPILER_APPICON_NAME = AppIcon;
				CODE_SIGN_ENTITLEMENTS = PetRescuePlanner/PetRescuePlanner.entitlements;
				CODE_SIGN_STYLE = Automatic;
				DEVELOPMENT_TEAM = S5AA4WL9KW;
				INFOPLIST_FILE = PetRescuePlanner/Info.plist;
				LD_RUNPATH_SEARCH_PATHS = "$(inherited) @executable_path/Frameworks";
				PRODUCT_BUNDLE_IDENTIFIER = com.danielrodosky.PetRescuePlanner;
				PRODUCT_NAME = "$(TARGET_NAME)";
				SWIFT_VERSION = 4.0;
				TARGETED_DEVICE_FAMILY = "1,2";
			};
			name = Release;
		};
/* End XCBuildConfiguration section */

/* Begin XCConfigurationList section */
		5F7C77DE1FB0C04A00BCDBE5 /* Build configuration list for PBXProject "PetRescuePlanner" */ = {
			isa = XCConfigurationList;
			buildConfigurations = (
				5F7C77F31FB0C04A00BCDBE5 /* Debug */,
				5F7C77F41FB0C04A00BCDBE5 /* Release */,
			);
			defaultConfigurationIsVisible = 0;
			defaultConfigurationName = Release;
		};
		5F7C77F51FB0C04A00BCDBE5 /* Build configuration list for PBXNativeTarget "PetRescuePlanner" */ = {
			isa = XCConfigurationList;
			buildConfigurations = (
				5F7C77F61FB0C04A00BCDBE5 /* Debug */,
				5F7C77F71FB0C04A00BCDBE5 /* Release */,
			);
			defaultConfigurationIsVisible = 0;
			defaultConfigurationName = Release;
		};
/* End XCConfigurationList section */
	};
	rootObject = 5F7C77DB1FB0C04A00BCDBE5 /* Project object */;
}
